# This file is automatically @generated by Cargo.
# It is not intended for manual editing.
version = 4

[[package]]
name = "lanpilot-agent"
version = "0.1.0"
dependencies = [
 "lanpilot-core",
]

[[package]]
name = "lanpilot-core"
version = "0.1.0"

[[package]]
name = "lanpilot-host"
version = "0.1.0"
dependencies = [
 "lanpilot-core",
]
